PODS:
  - jiggle (0.0.2):
    - Lynx
  - libwebp (1.5.0):
    - libwebp/demux (= 1.5.0)
    - libwebp/mux (= 1.5.0)
    - libwebp/sharpyuv (= 1.5.0)
    - libwebp/webp (= 1.5.0)
  - libwebp/demux (1.5.0):
    - libwebp/webp
  - libwebp/mux (1.5.0):
    - libwebp/demux
  - libwebp/sharpyuv (1.5.0)
  - libwebp/webp (1.5.0):
    - libwebp/sharpyuv
  - Lynx (3.6.0):
    - Lynx/Framework (= 3.6.0)
  - Lynx/Framework (3.6.0):
    - Lynx/ReleaseResource
    - LynxBase/Framework
    - LynxServiceAPI
    - PrimJS/napi/env
    - PrimJS/napi/jsc
    - PrimJS/napi/quickjs
    - PrimJS/quickjs (= 3.6.1)
  - Lynx/ReleaseResource (3.6.0)
  - LynxBase (3.6.0):
    - LynxBase/Framework (= 3.6.0)
  - LynxBase/Framework (3.6.0):
    - LynxServiceAPI/Core
  - LynxService/Http (3.6.0):
    - Lynx (= 3.6.0)
    - LynxServiceAPI (= 3.6.0)
  - LynxService/Image (3.6.0):
    - Lynx (= 3.6.0)
    - LynxServiceAPI (= 3.6.0)
    - SDWebImage (= 5.15.5)
    - SDWebImageWebPCoder (= 0.11.0)
  - LynxService/Log (3.6.0):
    - Lynx (= 3.6.0)
    - LynxBase (= 3.6.0)
    - LynxServiceAPI (= 3.6.0)
  - LynxServiceAPI (3.6.0):
    - LynxServiceAPI/Core (= 3.6.0)
  - LynxServiceAPI/Core (3.6.0)
  - lynxwebsockets (0.0.2):
    - Lynx
  - PrimJS/log (3.6.1)
  - PrimJS/napi (3.6.1):
    - PrimJS/napi/adapter (= 3.6.1)
    - PrimJS/napi/core (= 3.6.1)
    - PrimJS/napi/env (= 3.6.1)
    - PrimJS/napi/jsc (= 3.6.1)
    - PrimJS/napi/quickjs (= 3.6.1)
  - PrimJS/napi/adapter (3.6.1):
    - PrimJS/napi/core
    - PrimJS/napi/env
  - PrimJS/napi/core (3.6.1)
  - PrimJS/napi/env (3.6.1):
    - PrimJS/napi/core
  - PrimJS/napi/jsc (3.6.1):
    - PrimJS/log
    - PrimJS/napi/core
    - PrimJS/quickjs
  - PrimJS/napi/quickjs (3.6.1):
    - PrimJS/napi/core
    - PrimJS/quickjs
  - PrimJS/quickjs (3.6.1):
    - PrimJS/log
  - SDWebImage (5.15.5):
    - SDWebImage/Core (= 5.15.5)
  - SDWebImage/Core (5.15.5)
  - SDWebImageWebPCoder (0.11.0):
    - libwebp (~> 1.0)
    - SDWebImage/Core (~> 5.15)
  - tamerbiometric (0.0.1):
    - Lynx
  - tamerdevclient (0.0.7):
    - Lynx
  - tamerdisplaybrowser (0.0.1):
    - Lynx
  - tamericons (0.0.3):
    - Lynx
  - tamerinsets (0.0.2):
    - Lynx
  - tamerlinking (0.0.1):
    - Lynx
  - tamerrouter (0.0.1):
    - Lynx
  - tamersecurestore (0.0.1):
    - Lynx
  - tamersystemui (0.1.0):
    - Lynx
  - tamertransports (0.0.4):
    - Lynx
  - XElement (3.6.0):
    - XElement/Behavior (= 3.6.0)
    - XElement/Input (= 3.6.0)
    - XElement/Overlay (= 3.6.0)
  - XElement/Behavior (3.6.0):
    - Lynx (= 3.6.0)
    - XElement/Input
    - XElement/Overlay
  - XElement/Input (3.6.0):
    - Lynx (= 3.6.0)
  - XElement/Overlay (3.6.0):
    - Lynx (= 3.6.0)

DEPENDENCIES:
  - "jiggle (from `../../../node_modules/@tamer4lynx/jiggle/ios/jiggle`)"
  - Lynx/Framework (= 3.6.0)
  - LynxService/Http (= 3.6.0)
  - LynxService/Image (= 3.6.0)
  - LynxService/Log (= 3.6.0)
  - "lynxwebsockets (from `../../../node_modules/@tamer4lynx/lynxwebsockets/ios/lynxwebsockets`)"
  - PrimJS/napi (= 3.6.1)
  - PrimJS/quickjs (= 3.6.1)
  - SDWebImage (= 5.15.5)
  - SDWebImageWebPCoder (= 0.11.0)
  - "tamerbiometric (from `../../../node_modules/@tamer4lynx/tamer-biometric/ios/tamerbiometric`)"
  - "tamerdevclient (from `../../../node_modules/@tamer4lynx/tamer-dev-client/ios/tamerdevclient`)"
  - "tamerdisplaybrowser (from `../../../node_modules/@tamer4lynx/tamer-display-browser/ios/tamerdisplaybrowser`)"
  - "tamericons (from `../../../node_modules/@tamer4lynx/tamer-icons/ios/tamericons`)"
  - "tamerinsets (from `../../../node_modules/@tamer4lynx/tamer-insets/ios/tamerinsets`)"
  - "tamerlinking (from `../../../node_modules/@tamer4lynx/tamer-linking/ios/tamerlinking`)"
  - "tamerrouter (from `../../../node_modules/@tamer4lynx/tamer-router/ios/tamerrouter`)"
  - "tamersecurestore (from `../../../node_modules/@tamer4lynx/tamer-secure-store/ios/tamersecurestore`)"
  - "tamersystemui (from `../../../node_modules/@tamer4lynx/tamer-system-ui/ios/tamersystemui`)"
  - "tamertransports (from `../../../node_modules/@tamer4lynx/tamer-transports/ios/tamertransports`)"
  - XElement (= 3.6.0)

SPEC REPOS:
  trunk:
    - libwebp
    - Lynx
    - LynxBase
    - LynxService
    - LynxServiceAPI
    - PrimJS
    - SDWebImage
    - SDWebImageWebPCoder
    - XElement

EXTERNAL SOURCES:
  jiggle:
    :path: "../../../node_modules/@tamer4lynx/jiggle/ios/jiggle"
  lynxwebsockets:
    :path: "../../../node_modules/@tamer4lynx/lynxwebsockets/ios/lynxwebsockets"
  tamerbiometric:
    :path: "../../../node_modules/@tamer4lynx/tamer-biometric/ios/tamerbiometric"
  tamerdevclient:
    :path: "../../../node_modules/@tamer4lynx/tamer-dev-client/ios/tamerdevclient"
  tamerdisplaybrowser:
    :path: "../../../node_modules/@tamer4lynx/tamer-display-browser/ios/tamerdisplaybrowser"
  tamericons:
    :path: "../../../node_modules/@tamer4lynx/tamer-icons/ios/tamericons"
  tamerinsets:
    :path: "../../../node_modules/@tamer4lynx/tamer-insets/ios/tamerinsets"
  tamerlinking:
    :path: "../../../node_modules/@tamer4lynx/tamer-linking/ios/tamerlinking"
  tamerrouter:
    :path: "../../../node_modules/@tamer4lynx/tamer-router/ios/tamerrouter"
  tamersecurestore:
    :path: "../../../node_modules/@tamer4lynx/tamer-secure-store/ios/tamersecurestore"
  tamersystemui:
    :path: "../../../node_modules/@tamer4lynx/tamer-system-ui/ios/tamersystemui"
  tamertransports:
    :path: "../../../node_modules/@tamer4lynx/tamer-transports/ios/tamertransports"

SPEC CHECKSUMS:
  jiggle: a5b3b63255ed24598e360fde7dfde9118f46a828
  libwebp: 02b23773aedb6ff1fd38cec7a77b81414c6842a8
  Lynx: 49ad3adbc536c42e22aceff5e6bcb5a60f605ad0
  LynxBase: 8c285e5986c565dc3e06d47c08b6e11b561980fe
  LynxService: 42a3847a279c7fff63c3794d4c6ef53ee68ef629
  LynxServiceAPI: a552e8346a375cb500637cd7e05dd1cf2b219920
  lynxwebsockets: d87582b5a0e8f4bba367371d006239df1581f9ea
  PrimJS: ab129af0dc78fa1aa9cf6b33f51e3c9790d6f617
  SDWebImage: fd7e1a22f00303e058058278639bf6196ee431fe
  SDWebImageWebPCoder: 295a6573c512f54ad2dd58098e64e17dcf008499
  tamerbiometric: 9008c14e7460e3f73ffcd10980c9a40875d03bda
  tamerdevclient: 3092ac8003cb2ead1a535d5157b1a9d28c7de3c9
  tamerdisplaybrowser: bfa39e8b59e356e0d4dd6e2af303a573d840b1cf
  tamericons: 0d4942261174587047a92fd071012c29057560ee
  tamerinsets: 1c086f1973472d04d011a864bd1b80a699d7f86d
  tamerlinking: 4ca8c75ca39d6bbce6ab2083abf9c9fb911127ab
  tamerrouter: 109c0a8fb45edd48e05dc56b74e79288c8d25fba
  tamersecurestore: bbe3f4a12b372a3c122905f1f383c3536c4a725d
  tamersystemui: bcc070ece1fb926a4436166145d04339a7d202aa
  tamertransports: 656bad3b8892ddc966556fc7f9b9074bd6b7d728
  XElement: fb90e5e349dc5728f242f3881d2e5e389f3e329a

PODFILE CHECKSUM: 41cd6f95d8c451e191c19fda6fd383a08a486810

COCOAPODS: 1.16.2
